
Microsoft Visual Studio Solution File, Format Version 12.00
# Visual Studio 14
VisualStudioVersion = 14.0.25420.1
MinimumVisualStudioVersion = 10.0.40219.1
Project("{FAE04EC0-301F-11D3-BF4B-00C04F79EFBC}") = "CameraBazaar.App", "CameraBazaar.App\CameraBazaar.App.csproj", "{1AD5D768-670E-4F33-A049-70FDF09BCDBE}"
EndProject
Project("{FAE04EC0-301F-11D3-BF4B-00C04F79EFBC}") = "CameraBazaar.Models", "CameraBazaar.Models\CameraBazaar.Models.csproj", "{AE560DBB-95D5-422A-8809-55351636AA24}"
EndProject
Project("{FAE04EC0-301F-11D3-BF4B-00C04F79EFBC}") = "CameraBazaar.Services", "CameraBazaar.Services\CameraBazaar.Services.csproj", "{E85BB895-F135-4978-A26C-0AC974B7259E}"
EndProject
Project("{FAE04EC0-301F-11D3-BF4B-00C04F79EFBC}") = "CameraBazaar.Data", "CameraBazaar.Data\CameraBazaar.Data.csproj", "{EAC7992F-CC5F-4895-997B-B4339F24DD66}"
EndProject
Global
	GlobalSection(SolutionConfigurationPlatforms) = preSolution
		Debug|Any CPU = Debug|Any CPU
		Release|Any CPU = Release|Any CPU
	EndGlobalSection
	GlobalSection(ProjectConfigurationPlatforms) = postSolution
		{1AD5D768-670E-4F33-A049-70FDF09BCDBE}.Debug|Any CPU.ActiveCfg = Debug|Any CPU
		{1AD5D768-670E-4F33-A049-70FDF09BCDBE}.Debug|Any CPU.Build.0 = Debug|Any CPU
		{1AD5D768-670E-4F33-A049-70FDF09BCDBE}.Release|Any CPU.ActiveCfg = Release|Any CPU
		{1AD5D768-670E-4F33-A049-70FDF09BCDBE}.Release|Any CPU.Build.0 = Release|Any CPU
		{AE560DBB-95D5-422A-8809-55351636AA24}.Debug|Any CPU.ActiveCfg = Debug|Any CPU
		{AE560DBB-95D5-422A-8809-55351636AA24}.Debug|Any CPU.Build.0 = Debug|Any CPU
		{AE560DBB-95D5-422A-8809-55351636AA24}.Release|Any CPU.ActiveCfg = Release|Any CPU
		{AE560DBB-95D5-422A-8809-55351636AA24}.Release|Any CPU.Build.0 = Release|Any CPU
		{E85BB895-F135-4978-A26C-0AC974B7259E}.Debug|Any CPU.ActiveCfg = Debug|Any CPU
		{E85BB895-F135-4978-A26C-0AC974B7259E}.Debug|Any CPU.Build.0 = Debug|Any CPU
		{E85BB895-F135-4978-A26C-0AC974B7259E}.Release|Any CPU.ActiveCfg = Release|Any CPU
		{E85BB895-F135-4978-A26C-0AC974B7259E}.Release|Any CPU.Build.0 = Release|Any CPU
		{EAC7992F-CC5F-4895-997B-B4339F24DD66}.Debug|Any CPU.ActiveCfg = Debug|Any CPU
		{EAC7992F-CC5F-4895-997B-B4339F24DD66}.Debug|Any CPU.Build.0 = Debug|Any CPU
		{EAC7992F-CC5F-4895-997B-B4339F24DD66}.Release|Any CPU.ActiveCfg = Release|Any CPU
		{EAC7992F-CC5F-4895-997B-B4339F24DD66}.Release|Any CPU.Build.0 = Release|Any CPU
	EndGlobalSection
	GlobalSection(SolutionProperties) = preSolution
		HideSolutionNode = FALSE
	EndGlobalSection
EndGlobal
